[tools.aws-cli]
version = "2.28.8"
backend = "aqua:aws/aws-cli"

[tools.aws-cli.platforms.linux-x64]
checksum = "blake3:5e689b7ed2b9472ef84424b737fb13e04e7aaea40722a6f2fa4ce30d8c4a059f"
size = 61964581
url = "https://awscli.amazonaws.com/awscli-exe-linux-x86_64-2.28.8.zip"

[tools.aws-sam]
version = "1.142.1"
backend = "aqua:aws/aws-sam-cli"

[tools.aws-sam.platforms.linux-x64]
checksum = "blake3:332e006cb52290d8c8c2d7aaa16010714fd9dc03690e5bdf25e5bd6d2a0d7b03"
size = 85984650
url = "https://github.com/aws/aws-sam-cli/releases/download/v1.142.1/aws-sam-cli-linux-x86_64.zip"

[tools.cargo-binstall]
version = "1.14.4"
backend = "aqua:cargo-bins/cargo-binstall"

[tools.cargo-binstall.platforms.linux-x64]
checksum = "blake3:b2a4a55c83830ef20d2024c5d7394df9571fecd06c24e5f99568899dc507ace0"
size = 6715267
url = "https://github.com/cargo-bins/cargo-binstall/releases/download/v1.14.4/cargo-binstall-x86_64-unknown-linux-musl.tgz"

[tools."cargo:mdbook"]
version = "0.4.52"
backend = "cargo:mdbook"

[tools.direnv]
version = "2.37.1"
backend = "aqua:direnv/direnv"

[tools.direnv.platforms.linux-x64]
checksum = "blake3:291b71c5ae8d47e7ff5ff3a7276275a1dff25d753069912bed593c78f5434519"
size = 8151224
url = "https://github.com/direnv/direnv/releases/download/v2.37.1/direnv.linux-amd64"

[tools.eza]
version = "0.23.0"
backend = "aqua:eza-community/eza"

[tools.eza.platforms.linux-x64]
checksum = "blake3:5eefc6d5b5d3f36fa7d09abb6ee38b9287e938d142184bf8b7737adc12794018"
size = 1220770
url = "https://github.com/eza-community/eza/releases/download/v0.23.0/eza_x86_64-unknown-linux-musl.tar.gz"

[tools.go]
version = "1.25.0"
backend = "core:go"

[tools.go.platforms.linux-x64]
checksum = "sha256:2852af0cb20a13139b3448992e69b868e50ed0f8a1e5940ee1de9e19a123b613"
size = 59659213
url = "https://dl.google.com/go/go1.25.0.linux-amd64.tar.gz"

[tools.hurl]
version = "7.0.0"
backend = "aqua:Orange-OpenSource/hurl"

[tools.hurl.platforms.linux-x64]
checksum = "sha256:006a9032401b61004d9e104b06aa0973413f7b36dc5437063b0bf028188c0cf9"
size = 3412516
url = "https://github.com/Orange-OpenSource/hurl/releases/download/7.0.0/hurl-7.0.0-x86_64-unknown-linux-gnu.tar.gz"

[tools.just]
version = "1.42.4"
backend = "aqua:casey/just"

[tools.just.platforms.linux-x64]
checksum = "blake3:c241a1800cb543183a8cdc483d74e17898ee9528f31eec9bff74b170f303968f"
size = 2003117
url = "https://github.com/casey/just/releases/download/1.42.4/just-1.42.4-x86_64-unknown-linux-musl.tar.gz"

[tools.k3d]
version = "5.8.3"
backend = "aqua:k3d-io/k3d"

[tools.k3d.platforms.linux-x64]
checksum = "sha256:dbaa79a76ace7f4ca230a1ff41dc7d8a5036a8ad0309e9c54f9bf3836dbe853e"
size = 24219800
url = "https://github.com/k3d-io/k3d/releases/download/v5.8.3/k3d-linux-amd64"

[tools.k9s]
version = "0.50.9"
backend = "aqua:derailed/k9s"

[tools.k9s.platforms.linux-x64]
checksum = "sha256:5e625efa26c3e14256cf29d242179b32129183b549937ec62d0ad9be1bfe2ca4"
size = 38113817
url = "https://github.com/derailed/k9s/releases/download/v0.50.9/k9s_Linux_amd64.tar.gz"

[tools.kubectl]
version = "1.33.3"
backend = "aqua:kubernetes/kubectl"

[tools.kubectl.platforms.linux-x64]
checksum = "sha256:2fcf65c64f352742dc253a25a7c95617c2aba79843d1b74e585c69fe4884afb0"
size = 60129464
url = "https://dl.k8s.io/v1.33.3/bin/linux/amd64/kubectl"

[tools.kustomize]
version = "5.7.1"
backend = "aqua:kubernetes-sigs/kustomize"

[tools.kustomize.platforms.linux-x64]
checksum = "blake3:6561c489d9e5cb816d82b4593836fafb43edba88ab2f7ed397046f53d1c6322a"
size = 5805549
url = "https://github.com/kubernetes-sigs/kustomize/releases/download/kustomize/v5.7.1/kustomize_v5.7.1_linux_amd64.tar.gz"

[tools.lazygit]
version = "0.54.2"
backend = "aqua:jesseduffield/lazygit"

[tools.lazygit.platforms.linux-x64]
checksum = "sha256:cf98decf3c29f9f47e78967cb56cafc06021f616107be0200e6aefbe6fe50cd0"
size = 7906869
url = "https://github.com/jesseduffield/lazygit/releases/download/v0.54.2/lazygit_0.54.2_linux_x86_64.tar.gz"

[tools.localstack]
version = "4.7.0"
backend = "ubi:localstack/localstack-cli[exe=localstack]"

[tools.localstack.platforms.linux-x64-localstack-localstack]
checksum = "blake3:075972919e62ad1032646e4b9b7185377e415c1f787bcce5f2bea20bf45b7c9d"

[tools.lychee]
version = "0.19.1"
backend = "aqua:lycheeverse/lychee"

[tools.lychee.platforms.linux-x64]
checksum = "blake3:3a2a53e10be877bf110ce5df0fe1c7a9150b1c945e35ea80d5997ef5e52bc67a"
size = 9811128
url = "https://github.com/lycheeverse/lychee/releases/download/lychee-v0.19.1/lychee-x86_64-unknown-linux-musl.tar.gz"

[tools.node]
version = "24.5.0"
backend = "core:node"

[tools.node.platforms.linux-x64]
checksum = "sha256:369f2a3668dde7e324697040fafdcf442fd198b8c102317145417b3c83a9794a"
size = 58761227
url = "https://nodejs.org/dist/v24.5.0/node-v24.5.0-linux-x64.tar.gz"

[tools."npm:@devcontainers/cli"]
version = "0.80.0"
backend = "npm:@devcontainers/cli"

[tools.pipx]
version = "1.7.1"
backend = "asdf:pipx"

[tools."pipx:httpie"]
version = "3.2.4"
backend = "pipx:httpie"

[tools."pipx:tldr"]
version = "3.4.1"
backend = "pipx:tldr"

[tools.pnpm]
version = "10.14.0"
backend = "aqua:pnpm/pnpm"

[tools.pnpm.platforms.linux-x64]
checksum = "blake3:13dfa46b7173d3cad3bad60a756a492ecf0bce48b23eb9f793e7ccec5a09b46d"
size = 66231525
url = "https://github.com/pnpm/pnpm/releases/download/v10.14.0/pnpm-linux-x64"

[tools.python]
version = "3.13.6"
backend = "core:python"

[tools.semgrep]
version = "1.131.0"
backend = "pipx:semgrep"

[tools.starship]
version = "1.23.0"
backend = "aqua:starship/starship"

[tools.starship.platforms.linux-x64]
checksum = "sha256:8d06d2cc67aedd6316ff58ab679fb80cded0d85de1dcd5727df0633d35356d57"
size = 4864203
url = "https://github.com/starship/starship/releases/download/v1.23.0/starship-x86_64-unknown-linux-musl.tar.gz"

[tools.terraform-docs]
version = "0.20.0"
backend = "aqua:terraform-docs/terraform-docs"

[tools.terraform-docs.platforms.linux-x64]
checksum = "sha256:34ae01772412bb11474e6718ea62113e38ff5964ee570a98c69fafe3a6dff286"
size = 6721406
url = "https://github.com/terraform-docs/terraform-docs/releases/download/v0.20.0/terraform-docs-v0.20.0-linux-amd64.tar.gz"

[tools.tflint]
version = "0.58.1"
backend = "aqua:terraform-linters/tflint"

[tools.tflint.platforms.linux-x64]
checksum = "sha256:2fea1af8e8602d4d9e4253a588ac66f17bf36152cafb51f4d929b8bc6335e740"
size = 15932713
url = "https://github.com/terraform-linters/tflint/releases/download/v0.58.1/tflint_linux_amd64.zip"

[tools.trivy]
version = "0.65.0"
backend = "aqua:aquasecurity/trivy"

[tools.trivy.platforms.linux-x64]
checksum = "sha256:f0c5e3c912e7f5194a0efc85dfd34c94c63c4a4184b2d7b97ec7718661f5ead2"
size = 45905890
url = "https://github.com/aquasecurity/trivy/releases/download/v0.65.0/trivy_0.65.0_Linux-64bit.tar.gz"

[tools."ubi:boyter/scc"]
version = "3.5.0"
backend = "ubi:boyter/scc"

[tools."ubi:boyter/scc".platforms.linux-x64-scc]
checksum = "blake3:b04cb0b4717b0fac0e088962dccfbcfc49fe3990ea3cae11df419e21d82d054b"

[tools."ubi:rvben/rumdl"]
version = "0.0.114"
backend = "ubi:rvben/rumdl"

[tools."ubi:rvben/rumdl".platforms.linux-x64-rumdl]
checksum = "blake3:977de28af25823983f21e0cbadc9c17349995207aacd3c8dfae0afee4ad3df61"

[tools.uv]
version = "0.8.8"
backend = "aqua:astral-sh/uv"

[tools.uv.platforms.linux-x64]
checksum = "sha256:80ee2bde42e1cc39c59ae8a3a20f5b73127b90ece009ef7bdd13ab189ff0c353"
size = 19375921
url = "https://github.com/astral-sh/uv/releases/download/0.8.8/uv-x86_64-unknown-linux-musl.tar.gz"

[tools.vault]
version = "1.20.2"
backend = "aqua:hashicorp/vault"

[tools.vault.platforms.linux-x64]
checksum = "sha256:5846abf08deaf04cc9fdbb7c1eddda3348671590445f81bcdb0a2e0d32396c2e"
size = 173636845
url = "https://releases.hashicorp.com/vault/1.20.2/vault_1.20.2_linux_amd64.zip"

[tools.yq]
version = "4.47.1"
backend = "aqua:mikefarah/yq"

[tools.yq.platforms.linux-x64]
checksum = "blake3:afa83f43baa909da08f999ecdeed0f799076b0b4aeb8eb464537a0fe38a21ab4"
size = 11440312
url = "https://github.com/mikefarah/yq/releases/download/v4.47.1/yq_linux_amd64"

[tools.zellij]
version = "0.43.1"
backend = "aqua:zellij-org/zellij"

[tools.zellij.platforms.linux-x64]
checksum = "blake3:da3323afe8279fbf033f1584ecb599b965db10cc383f0ac3fca8297d168973d5"
size = 19108370
url = "https://github.com/zellij-org/zellij/releases/download/v0.43.1/zellij-x86_64-unknown-linux-musl.tar.gz"

[tools.zoxide]
version = "0.9.8"
backend = "aqua:ajeetdsouza/zoxide"

[tools.zoxide.platforms.linux-x64]
checksum = "blake3:4be202bd835503893ba42ee3cfc813af09cde93d28acf2f5a12ec06aa8bfade0"
size = 586553
url = "https://github.com/ajeetdsouza/zoxide/releases/download/v0.9.8/zoxide-0.9.8-x86_64-unknown-linux-musl.tar.gz"
